# This file was autogenerated by Stack.
# You should not edit this file by hand.
# For more information, please see the documentation at:
#   https://docs.haskellstack.org/en/stable/lock_files

packages:
- completed:
    hackage: advent-of-code-api-0.2.8.0@sha256:37f277d71f846f78f393eef786e1834648d7de951a8061aefa8b06e1aa5e0aa7,2351
    pantry-tree:
      size: 1185
      sha256: 9f2e833e9127ca801d94b520bf63189a828ea2ae571fe8bb2922909efa98fabb
  original:
    hackage: advent-of-code-api-0.2.8.0
- completed:
    hackage: finitary-2.1.1.0@sha256:f0f19aace424e5fdb5543fbcfb9446e50c8cb349fe7564642c5c25dbe3418076,2743
    pantry-tree:
      size: 438
      sha256: 38e03206b355db7a6a2f3ad73039b18b15245141b6974080b7d9a99e82ddf76a
  original:
    hackage: finitary-2.1.1.0
- completed:
    hackage: monoid-extras-0.6.1@sha256:15312b3ed40481fc879fc7021857421794403763325d5c05b8536198012170b1,2197
    pantry-tree:
      size: 1187
      sha256: 0baa6b12d8bbc9872d91f5dca7738759e3bd79bf719d1e94b96470fc1dda23b6
  original:
    hackage: monoid-extras-0.6.1
snapshots:
- completed:
    size: 586296
    url: https://raw.githubusercontent.com/commercialhaskell/stackage-snapshots/master/lts/18/18.yaml
    sha256: 63539429076b7ebbab6daa7656cfb079393bf644971156dc349d7c0453694ac2
  original: lts-18.18
